// !$*UTF8*$!
{
	archiveVersion = 1;
	classes = {
	};
	objectVersion = 51;
	objects = {

/* Begin PBXBuildFile section */
		188772B4FBE958FA48667179 /* Pods_starter.framework in Frameworks */ = {isa = PBXBuildFile; fileRef = C5D3DD931240D8B4AA046F57 /* Pods_starter.framework */; };
		376A4D6522F95BD900B4209C /* AppDelegate.m in Sources */ = {isa = PBXBuildFile; fileRef = 376A4D6422F95BD900B4209C /* AppDelegate.m */; };
		376A4D6822F95BD900B4209C /* MainViewController.m in Sources */ = {isa = PBXBuildFile; fileRef = 376A4D6722F95BD900B4209C /* MainViewController.m */; };
		376A4D6B22F95BD900B4209C /* HomeViewController.m in Sources */ = {isa = PBXBuildFile; fileRef = 376A4D6A22F95BD900B4209C /* HomeViewController.m */; };
		376A4D6E22F95BD900B4209C /* Main.storyboard in Resources */ = {isa = PBXBuildFile; fileRef = 376A4D6C22F95BD900B4209C /* Main.storyboard */; };
		376A4D7022F95BDA00B4209C /* Assets.xcassets in Resources */ = {isa = PBXBuildFile; fileRef = 376A4D6F22F95BDA00B4209C /* Assets.xcassets */; };
		376A4D7322F95BDA00B4209C /* LaunchScreen.storyboard in Resources */ = {isa = PBXBuildFile; fileRef = 376A4D7122F95BDA00B4209C /* LaunchScreen.storyboard */; };
		376A4D7622F95BDA00B4209C /* main.m in Sources */ = {isa = PBXBuildFile; fileRef = 376A4D7522F95BDA00B4209C /* main.m */; };
		376A4D8722F9622F00B4209C /* SignInViewController.m in Sources */ = {isa = PBXBuildFile; fileRef = 376A4D8622F9622F00B4209C /* SignInViewController.m */; };
		376A4D8B22F96A3500B4209C /* NavBar.m in Sources */ = {isa = PBXBuildFile; fileRef = 376A4D8A22F96A3500B4209C /* NavBar.m */; };
		376A4D8F22F96E5300B4209C /* ViewUtils.m in Sources */ = {isa = PBXBuildFile; fileRef = 376A4D8E22F96E5300B4209C /* ViewUtils.m */; };
		FDF148E12300246F008E086E /* DetailViewController.m in Sources */ = {isa = PBXBuildFile; fileRef = FDF148E02300246F008E086E /* DetailViewController.m */; };
		FDF148ED2303E6E3008E086E /* Api.m in Sources */ = {isa = PBXBuildFile; fileRef = FDF148EC2303E6E3008E086E /* Api.m */; };
		FDF148F12303E741008E086E /* ApiManager.m in Sources */ = {isa = PBXBuildFile; fileRef = FDF148F02303E741008E086E /* ApiManager.m */; };
		FDF148F72303EF72008E086E /* Request.m in Sources */ = {isa = PBXBuildFile; fileRef = FDF148F62303EF72008E086E /* Request.m */; };
		FDF148FA2303F637008E086E /* NetEngine.m in Sources */ = {isa = PBXBuildFile; fileRef = FDF148F92303F637008E086E /* NetEngine.m */; };
		FDF148FD2304495E008E086E /* LiveEventModel.m in Sources */ = {isa = PBXBuildFile; fileRef = FDF148FC2304495E008E086E /* LiveEventModel.m */; };
		FDF149012304EAB8008E086E /* NSDictionary+Model.m in Sources */ = {isa = PBXBuildFile; fileRef = FDF149002304EAB8008E086E /* NSDictionary+Model.m */; };
		FDF149082306B424008E086E /* ClassUtils.m in Sources */ = {isa = PBXBuildFile; fileRef = FDF149072306B424008E086E /* ClassUtils.m */; };
		FDF1490B2307CB45008E086E /* EventModel.m in Sources */ = {isa = PBXBuildFile; fileRef = FDF1490A2307CB45008E086E /* EventModel.m */; };
/* End PBXBuildFile section */

/* Begin PBXFileReference section */
		305D7E17C4BB6A6FB924566D /* Pods-starter.release.xcconfig */ = {isa = PBXFileReference; includeInIndex = 1; lastKnownFileType = text.xcconfig; name = "Pods-starter.release.xcconfig"; path = "Target Support Files/Pods-starter/Pods-starter.release.xcconfig"; sourceTree = "<group>"; };
		376A4D6022F95BD900B4209C /* starter.app */ = {isa = PBXFileReference; explicitFileType = wrapper.application; includeInIndex = 0; path = starter.app; sourceTree = BUILT_PRODUCTS_DIR; };
		376A4D6322F95BD900B4209C /* AppDelegate.h */ = {isa = PBXFileReference; lastKnownFileType = sourcecode.c.h; path = AppDelegate.h; sourceTree = "<group>"; };
		376A4D6422F95BD900B4209C /* AppDelegate.m */ = {isa = PBXFileReference; lastKnownFileType = sourcecode.c.objc; path = AppDelegate.m; sourceTree = "<group>"; };
		376A4D6622F95BD900B4209C /* MainViewController.h */ = {isa = PBXFileReference; lastKnownFileType = sourcecode.c.h; path = MainViewController.h; sourceTree = "<group>"; };
		376A4D6722F95BD900B4209C /* MainViewController.m */ = {isa = PBXFileReference; lastKnownFileType = sourcecode.c.objc; path = MainViewController.m; sourceTree = "<group>"; };
		376A4D6922F95BD900B4209C /* HomeViewController.h */ = {isa = PBXFileReference; lastKnownFileType = sourcecode.c.h; path = HomeViewController.h; sourceTree = "<group>"; };
		376A4D6A22F95BD900B4209C /* HomeViewController.m */ = {isa = PBXFileReference; lastKnownFileType = sourcecode.c.objc; path = HomeViewController.m; sourceTree = "<group>"; };
		376A4D6D22F95BD900B4209C /* Base */ = {isa = PBXFileReference; lastKnownFileType = file.storyboard; name = Base; path = Base.lproj/Main.storyboard; sourceTree = "<group>"; };
		376A4D6F22F95BDA00B4209C /* Assets.xcassets */ = {isa = PBXFileReference; lastKnownFileType = folder.assetcatalog; path = Assets.xcassets; sourceTree = "<group>"; };
		376A4D7222F95BDA00B4209C /* Base */ = {isa = PBXFileReference; lastKnownFileType = file.storyboard; name = Base; path = Base.lproj/LaunchScreen.storyboard; sourceTree = "<group>"; };
		376A4D7422F95BDA00B4209C /* Info.plist */ = {isa = PBXFileReference; lastKnownFileType = text.plist.xml; path = Info.plist; sourceTree = "<group>"; };
		376A4D7522F95BDA00B4209C /* main.m */ = {isa = PBXFileReference; lastKnownFileType = sourcecode.c.objc; path = main.m; sourceTree = "<group>"; };
		376A4D8522F9622F00B4209C /* SignInViewController.h */ = {isa = PBXFileReference; lastKnownFileType = sourcecode.c.h; path = SignInViewController.h; sourceTree = "<group>"; };
		376A4D8622F9622F00B4209C /* SignInViewController.m */ = {isa = PBXFileReference; lastKnownFileType = sourcecode.c.objc; path = SignInViewController.m; sourceTree = "<group>"; };
		376A4D8922F96A3500B4209C /* NavBar.h */ = {isa = PBXFileReference; lastKnownFileType = sourcecode.c.h; path = NavBar.h; sourceTree = "<group>"; };
		376A4D8A22F96A3500B4209C /* NavBar.m */ = {isa = PBXFileReference; lastKnownFileType = sourcecode.c.objc; path = NavBar.m; sourceTree = "<group>"; };
		376A4D8C22F96B3B00B4209C /* PrefixHeader.pch */ = {isa = PBXFileReference; lastKnownFileType = sourcecode.c.h; path = PrefixHeader.pch; sourceTree = "<group>"; };
		376A4D8D22F96E5300B4209C /* ViewUtils.h */ = {isa = PBXFileReference; lastKnownFileType = sourcecode.c.h; path = ViewUtils.h; sourceTree = "<group>"; };
		376A4D8E22F96E5300B4209C /* ViewUtils.m */ = {isa = PBXFileReference; lastKnownFileType = sourcecode.c.objc; path = ViewUtils.m; sourceTree = "<group>"; };
		6EED111D4F2F225E8BC02981 /* Pods-starter.debug.xcconfig */ = {isa = PBXFileReference; includeInIndex = 1; lastKnownFileType = text.xcconfig; name = "Pods-starter.debug.xcconfig"; path = "Target Support Files/Pods-starter/Pods-starter.debug.xcconfig"; sourceTree = "<group>"; };
		C5D3DD931240D8B4AA046F57 /* Pods_starter.framework */ = {isa = PBXFileReference; explicitFileType = wrapper.framework; includeInIndex = 0; path = Pods_starter.framework; sourceTree = BUILT_PRODUCTS_DIR; };
		FDF148DF2300246F008E086E /* DetailViewController.h */ = {isa = PBXFileReference; lastKnownFileType = sourcecode.c.h; path = DetailViewController.h; sourceTree = "<group>"; };
		FDF148E02300246F008E086E /* DetailViewController.m */ = {isa = PBXFileReference; lastKnownFileType = sourcecode.c.objc; path = DetailViewController.m; sourceTree = "<group>"; };
		FDF148EB2303E6E3008E086E /* Api.h */ = {isa = PBXFileReference; lastKnownFileType = sourcecode.c.h; path = Api.h; sourceTree = "<group>"; };
		FDF148EC2303E6E3008E086E /* Api.m */ = {isa = PBXFileReference; lastKnownFileType = sourcecode.c.objc; path = Api.m; sourceTree = "<group>"; };
		FDF148EF2303E741008E086E /* ApiManager.h */ = {isa = PBXFileReference; lastKnownFileType = sourcecode.c.h; path = ApiManager.h; sourceTree = "<group>"; };
		FDF148F02303E741008E086E /* ApiManager.m */ = {isa = PBXFileReference; lastKnownFileType = sourcecode.c.objc; path = ApiManager.m; sourceTree = "<group>"; };
		FDF148F52303EF72008E086E /* Request.h */ = {isa = PBXFileReference; lastKnownFileType = sourcecode.c.h; path = Request.h; sourceTree = "<group>"; };
		FDF148F62303EF72008E086E /* Request.m */ = {isa = PBXFileReference; lastKnownFileType = sourcecode.c.objc; path = Request.m; sourceTree = "<group>"; };
		FDF148F82303F637008E086E /* NetEngine.h */ = {isa = PBXFileReference; lastKnownFileType = sourcecode.c.h; path = NetEngine.h; sourceTree = "<group>"; };
		FDF148F92303F637008E086E /* NetEngine.m */ = {isa = PBXFileReference; lastKnownFileType = sourcecode.c.objc; path = NetEngine.m; sourceTree = "<group>"; };
		FDF148FB2304495E008E086E /* LiveEventModel.h */ = {isa = PBXFileReference; lastKnownFileType = sourcecode.c.h; path = LiveEventModel.h; sourceTree = "<group>"; };
		FDF148FC2304495E008E086E /* LiveEventModel.m */ = {isa = PBXFileReference; lastKnownFileType = sourcecode.c.objc; path = LiveEventModel.m; sourceTree = "<group>"; };
		FDF148FE23044981008E086E /* ModelHeader.h */ = {isa = PBXFileReference; lastKnownFileType = sourcecode.c.h; path = ModelHeader.h; sourceTree = "<group>"; };
		FDF148FF2304EAB8008E086E /* NSDictionary+Model.h */ = {isa = PBXFileReference; lastKnownFileType = sourcecode.c.h; path = "NSDictionary+Model.h"; sourceTree = "<group>"; };
		FDF149002304EAB8008E086E /* NSDictionary+Model.m */ = {isa = PBXFileReference; lastKnownFileType = sourcecode.c.objc; path = "NSDictionary+Model.m"; sourceTree = "<group>"; };
		FDF149062306B424008E086E /* ClassUtils.h */ = {isa = PBXFileReference; lastKnownFileType = sourcecode.c.h; path = ClassUtils.h; sourceTree = "<group>"; };
		FDF149072306B424008E086E /* ClassUtils.m */ = {isa = PBXFileReference; lastKnownFileType = sourcecode.c.objc; path = ClassUtils.m; sourceTree = "<group>"; };
		FDF149092307CB45008E086E /* EventModel.h */ = {isa = PBXFileReference; lastKnownFileType = sourcecode.c.h; path = EventModel.h; sourceTree = "<group>"; };
		FDF1490A2307CB45008E086E /* EventModel.m */ = {isa = PBXFileReference; lastKnownFileType = sourcecode.c.objc; path = EventModel.m; sourceTree = "<group>"; };
/* End PBXFileReference section */

/* Begin PBXFrameworksBuildPhase section */
		376A4D5D22F95BD900B4209C /* Frameworks */ = {
			isa = PBXFrameworksBuildPhase;
			buildActionMask = 2147483647;
			files = (
				188772B4FBE958FA48667179 /* Pods_starter.framework in Frameworks */,
			);
			runOnlyForDeploymentPostprocessing = 0;
		};
/* End PBXFrameworksBuildPhase section */

/* Begin PBXGroup section */
		3744122E3568590AED930C7C /* Pods */ = {
			isa = PBXGroup;
			children = (
				6EED111D4F2F225E8BC02981 /* Pods-starter.debug.xcconfig */,
				305D7E17C4BB6A6FB924566D /* Pods-starter.release.xcconfig */,
			);
			path = Pods;
			sourceTree = "<group>";
		};
		376A4D5722F95BD900B4209C = {
			isa = PBXGroup;
			children = (
				376A4D6222F95BD900B4209C /* starter */,
				376A4D6122F95BD900B4209C /* Products */,
				3744122E3568590AED930C7C /* Pods */,
				6C657E0618624CFC4212D3F4 /* Frameworks */,
			);
			sourceTree = "<group>";
		};
		376A4D6122F95BD900B4209C /* Products */ = {
			isa = PBXGroup;
			children = (
				376A4D6022F95BD900B4209C /* starter.app */,
			);
			name = Products;
			sourceTree = "<group>";
		};
		376A4D6222F95BD900B4209C /* starter */ = {
			isa = PBXGroup;
			children = (
				376A4D6322F95BD900B4209C /* AppDelegate.h */,
				376A4D6422F95BD900B4209C /* AppDelegate.m */,
				376A4D7C22F9612A00B4209C /* controller */,
				376A4D8222F961BC00B4209C /* view */,
				FDF148E2230245B1008E086E /* network */,
				376A4D7F22F9616B00B4209C /* utils */,
				376A4D8122F961A800B4209C /* lib */,
				376A4D6C22F95BD900B4209C /* Main.storyboard */,
				376A4D6F22F95BDA00B4209C /* Assets.xcassets */,
				376A4D7122F95BDA00B4209C /* LaunchScreen.storyboard */,
				376A4D7522F95BDA00B4209C /* main.m */,
				376A4D8C22F96B3B00B4209C /* PrefixHeader.pch */,
				376A4D7422F95BDA00B4209C /* Info.plist */,
			);
			path = starter;
			sourceTree = "<group>";
		};
		376A4D7C22F9612A00B4209C /* controller */ = {
			isa = PBXGroup;
			children = (
				376A4D8322F9620900B4209C /* auth */,
				376A4D7D22F9613600B4209C /* main */,
				376A4D7E22F9613C00B4209C /* home */,
			);
			path = controller;
			sourceTree = "<group>";
		};
		376A4D7D22F9613600B4209C /* main */ = {
			isa = PBXGroup;
			children = (
				FDF148DE2300245D008E086E /* detail */,
				376A4D6622F95BD900B4209C /* MainViewController.h */,
				376A4D6722F95BD900B4209C /* MainViewController.m */,
			);
			path = main;
			sourceTree = "<group>";
		};
		376A4D7E22F9613C00B4209C /* home */ = {
			isa = PBXGroup;
			children = (
				376A4D6922F95BD900B4209C /* HomeViewController.h */,
				376A4D6A22F95BD900B4209C /* HomeViewController.m */,
			);
			path = home;
			sourceTree = "<group>";
		};
		376A4D7F22F9616B00B4209C /* utils */ = {
			isa = PBXGroup;
			children = (
				376A4D8D22F96E5300B4209C /* ViewUtils.h */,
				376A4D8E22F96E5300B4209C /* ViewUtils.m */,
				FDF148FF2304EAB8008E086E /* NSDictionary+Model.h */,
				FDF149002304EAB8008E086E /* NSDictionary+Model.m */,
				FDF149062306B424008E086E /* ClassUtils.h */,
				FDF149072306B424008E086E /* ClassUtils.m */,
			);
			path = utils;
			sourceTree = "<group>";
		};
		376A4D8122F961A800B4209C /* lib */ = {
			isa = PBXGroup;
			children = (
			);
			path = lib;
			sourceTree = "<group>";
		};
		376A4D8222F961BC00B4209C /* view */ = {
			isa = PBXGroup;
			children = (
				376A4D8822F96A2000B4209C /* navbar */,
			);
			path = view;
			sourceTree = "<group>";
		};
		376A4D8322F9620900B4209C /* auth */ = {
			isa = PBXGroup;
			children = (
				376A4D8422F9620E00B4209C /* signin */,
			);
			path = auth;
			sourceTree = "<group>";
		};
		376A4D8422F9620E00B4209C /* signin */ = {
			isa = PBXGroup;
			children = (
				376A4D8522F9622F00B4209C /* SignInViewController.h */,
				376A4D8622F9622F00B4209C /* SignInViewController.m */,
			);
			path = signin;
			sourceTree = "<group>";
		};
		376A4D8822F96A2000B4209C /* navbar */ = {
			isa = PBXGroup;
			children = (
				376A4D8922F96A3500B4209C /* NavBar.h */,
				376A4D8A22F96A3500B4209C /* NavBar.m */,
			);
			path = navbar;
			sourceTree = "<group>";
		};
		6C657E0618624CFC4212D3F4 /* Frameworks */ = {
			isa = PBXGroup;
			children = (
				C5D3DD931240D8B4AA046F57 /* Pods_starter.framework */,
			);
			name = Frameworks;
			sourceTree = "<group>";
		};
		FDF148DE2300245D008E086E /* detail */ = {
			isa = PBXGroup;
			children = (
				FDF148DF2300246F008E086E /* DetailViewController.h */,
				FDF148E02300246F008E086E /* DetailViewController.m */,
			);
			path = detail;
			sourceTree = "<group>";
		};
		FDF148E2230245B1008E086E /* network */ = {
			isa = PBXGroup;
			children = (
				FDF148F82303F637008E086E /* NetEngine.h */,
				FDF148F92303F637008E086E /* NetEngine.m */,
				FDF148EE2303E724008E086E /* utils */,
				FDF148E823039683008E086E /* api */,
				FDF148E3230245BE008E086E /* model */,
			);
			path = network;
			sourceTree = "<group>";
		};
		FDF148E3230245BE008E086E /* model */ = {
			isa = PBXGroup;
			children = (
				FDF148FE23044981008E086E /* ModelHeader.h */,
				FDF148FB2304495E008E086E /* LiveEventModel.h */,
				FDF148FC2304495E008E086E /* LiveEventModel.m */,
				FDF149092307CB45008E086E /* EventModel.h */,
				FDF1490A2307CB45008E086E /* EventModel.m */,
			);
			path = model;
			sourceTree = "<group>";
		};
		FDF148E823039683008E086E /* api */ = {
			isa = PBXGroup;
			children = (
				FDF148EB2303E6E3008E086E /* Api.h */,
				FDF148EC2303E6E3008E086E /* Api.m */,
			);
			path = api;
			sourceTree = "<group>";
		};
		FDF148EE2303E724008E086E /* utils */ = {
			isa = PBXGroup;
			children = (
				FDF148EF2303E741008E086E /* ApiManager.h */,
				FDF148F02303E741008E086E /* ApiManager.m */,
				FDF148F52303EF72008E086E /* Request.h */,
				FDF148F62303EF72008E086E /* Request.m */,
			);
			path = utils;
			sourceTree = "<group>";
		};
/* End PBXGroup section */

/* Begin PBXNativeTarget section */
		376A4D5F22F95BD900B4209C /* starter */ = {
			isa = PBXNativeTarget;
			buildConfigurationList = 376A4D7922F95BDA00B4209C /* Build configuration list for PBXNativeTarget "starter" */;
			buildPhases = (
				417664E04944BC7D6E8FC9A0 /* [CP] Check Pods Manifest.lock */,
				376A4D5C22F95BD900B4209C /* Sources */,
				376A4D5D22F95BD900B4209C /* Frameworks */,
				376A4D5E22F95BD900B4209C /* Resources */,
				198F67293032FDF01F6131D3 /* [CP] Embed Pods Frameworks */,
			);
			buildRules = (
			);
			dependencies = (
			);
			name = starter;
			productName = starter;
			productReference = 376A4D6022F95BD900B4209C /* starter.app */;
			productType = "com.apple.product-type.application";
		};
/* End PBXNativeTarget section */

/* Begin PBXProject section */
		376A4D5822F95BD900B4209C /* Project object */ = {
			isa = PBXProject;
			attributes = {
				LastUpgradeCheck = 1030;
				ORGANIZATIONNAME = nemo;
				TargetAttributes = {
					376A4D5F22F95BD900B4209C = {
						CreatedOnToolsVersion = 10.3;
					};
				};
			};
			buildConfigurationList = 376A4D5B22F95BD900B4209C /* Build configuration list for PBXProject "starter" */;
			compatibilityVersion = "Xcode 9.3";
			developmentRegion = en;
			hasScannedForEncodings = 0;
			knownRegions = (
				en,
				Base,
			);
			mainGroup = 376A4D5722F95BD900B4209C;
			productRefGroup = 376A4D6122F95BD900B4209C /* Products */;
			projectDirPath = "";
			projectRoot = "";
			targets = (
				376A4D5F22F95BD900B4209C /* starter */,
			);
		};
/* End PBXProject section */

/* Begin PBXResourcesBuildPhase section */
		376A4D5E22F95BD900B4209C /* Resources */ = {
			isa = PBXResourcesBuildPhase;
			buildActionMask = 2147483647;
			files = (
				376A4D7322F95BDA00B4209C /* LaunchScreen.storyboard in Resources */,
				376A4D7022F95BDA00B4209C /* Assets.xcassets in Resources */,
				376A4D6E22F95BD900B4209C /* Main.storyboard in Resources */,
			);
			runOnlyForDeploymentPostprocessing = 0;
		};
/* End PBXResourcesBuildPhase section */

/* Begin PBXShellScriptBuildPhase section */
		198F67293032FDF01F6131D3 /* [CP] Embed Pods Frameworks */ = {
			isa = PBXShellScriptBuildPhase;
			buildActionMask = 2147483647;
			files = (
			);
			inputFileListPaths = (
				"${PODS_ROOT}/Target Support Files/Pods-starter/Pods-starter-frameworks-${CONFIGURATION}-input-files.xcfilelist",
			);
			name = "[CP] Embed Pods Frameworks";
			outputFileListPaths = (
				"${PODS_ROOT}/Target Support Files/Pods-starter/Pods-starter-frameworks-${CONFIGURATION}-output-files.xcfilelist",
			);
			runOnlyForDeploymentPostprocessing = 0;
			shellPath = /bin/sh;
			shellScript = "\"${PODS_ROOT}/Target Support Files/Pods-starter/Pods-starter-frameworks.sh\"\n";
			showEnvVarsInLog = 0;
		};
		417664E04944BC7D6E8FC9A0 /* [CP] Check Pods Manifest.lock */ = {
			isa = PBXShellScriptBuildPhase;
			buildActionMask = 2147483647;
			files = (
			);
			inputFileListPaths = (
			);
			inputPaths = (
				"${PODS_PODFILE_DIR_PATH}/Podfile.lock",
				"${PODS_ROOT}/Manifest.lock",
			);
			name = "[CP] Check Pods Manifest.lock";
			outputFileListPaths = (
			);
			outputPaths = (
				"$(DERIVED_FILE_DIR)/Pods-starter-checkManifestLockResult.txt",
			);
			runOnlyForDeploymentPostprocessing = 0;
			shellPath = /bin/sh;
			shellScript = "diff \"${PODS_PODFILE_DIR_PATH}/Podfile.lock\" \"${PODS_ROOT}/Manifest.lock\" > /dev/null\nif [ $? != 0 ] ; then\n    # print error to STDERR\n    echo \"error: The sandbox is not in sync with the Podfile.lock. Run 'pod install' or update your CocoaPods installation.\" >&2\n    exit 1\nfi\n# This output is used by Xcode 'outputs' to avoid re-running this script phase.\necho \"SUCCESS\" > \"${SCRIPT_OUTPUT_FILE_0}\"\n";
			showEnvVarsInLog = 0;
		};
/* End PBXShellScriptBuildPhase section */

/* Begin PBXSourcesBuildPhase section */
		376A4D5C22F95BD900B4209C /* Sources */ = {
			isa = PBXSourcesBuildPhase;
			buildActionMask = 2147483647;
			files = (
				376A4D8722F9622F00B4209C /* SignInViewController.m in Sources */,
				376A4D6B22F95BD900B4209C /* HomeViewController.m in Sources */,
				FDF148F12303E741008E086E /* ApiManager.m in Sources */,
				376A4D6522F95BD900B4209C /* AppDelegate.m in Sources */,
				FDF148FA2303F637008E086E /* NetEngine.m in Sources */,
				FDF148F72303EF72008E086E /* Request.m in Sources */,
				FDF148E12300246F008E086E /* DetailViewController.m in Sources */,
				376A4D8F22F96E5300B4209C /* ViewUtils.m in Sources */,
				FDF149012304EAB8008E086E /* NSDictionary+Model.m in Sources */,
				376A4D8B22F96A3500B4209C /* NavBar.m in Sources */,
				FDF1490B2307CB45008E086E /* EventModel.m in Sources */,
				FDF148FD2304495E008E086E /* LiveEventModel.m in Sources */,
				FDF148ED2303E6E3008E086E /* Api.m in Sources */,
				376A4D7622F95BDA00B4209C /* main.m in Sources */,
				FDF149082306B424008E086E /* ClassUtils.m in Sources */,
				376A4D6822F95BD900B4209C /* MainViewController.m in Sources */,
			);
			runOnlyForDeploymentPostprocessing = 0;
		};
/* End PBXSourcesBuildPhase section */

/* Begin PBXVariantGroup section */
		376A4D6C22F95BD900B4209C /* Main.storyboard */ = {
			isa = PBXVariantGroup;
			children = (
				376A4D6D22F95BD900B4209C /* Base */,
			);
			name = Main.storyboard;
			sourceTree = "<group>";
		};
		376A4D7122F95BDA00B4209C /* LaunchScreen.storyboard */ = {
			isa = PBXVariantGroup;
			children = (
				376A4D7222F95BDA00B4209C /* Base */,
			);
			name = LaunchScreen.storyboard;
			sourceTree = "<group>";
		};
/* End PBXVariantGroup section */

/* Begin XCBuildConfiguration section */
		376A4D7722F95BDA00B4209C /* Debug */ = {
			isa = XCBuildConfiguration;
			buildSettings = {
				ALWAYS_SEARCH_USER_PATHS = NO;
				CLANG_ANALYZER_NONNULL = YES;
				CLANG_ANALYZER_NUMBER_OBJECT_CONVERSION = YES_AGGRESSIVE;
				CLANG_CXX_LANGUAGE_STANDARD = "gnu++14";
				CLANG_CXX_LIBRARY = "libc++";
				CLANG_ENABLE_MODULES = YES;
				CLANG_ENABLE_OBJC_ARC = YES;
				CLANG_ENABLE_OBJC_WEAK = YES;
				CLANG_WARN_BLOCK_CAPTURE_AUTORELEASING = YES;
				CLANG_WARN_BOOL_CONVERSION = YES;
				CLANG_WARN_COMMA = YES;
				CLANG_WARN_CONSTANT_CONVERSION = YES;
				CLANG_WARN_DEPRECATED_OBJC_IMPLEMENTATIONS = YES;
				CLANG_WARN_DIRECT_OBJC_ISA_USAGE = YES_ERROR;
				CLANG_WARN_DOCUMENTATION_COMMENTS = YES;
				CLANG_WARN_EMPTY_BODY = YES;
				CLANG_WARN_ENUM_CONVERSION = YES;
				CLANG_WARN_INFINITE_RECURSION = YES;
				CLANG_WARN_INT_CONVERSION = YES;
				CLANG_WARN_NON_LITERAL_NULL_CONVERSION = YES;
				CLANG_WARN_OBJC_IMPLICIT_RETAIN_SELF = YES;
				CLANG_WARN_OBJC_LITERAL_CONVERSION = YES;
				CLANG_WARN_OBJC_ROOT_CLASS = YES_ERROR;
				CLANG_WARN_RANGE_LOOP_ANALYSIS = YES;
				CLANG_WARN_STRICT_PROTOTYPES = YES;
				CLANG_WARN_SUSPICIOUS_MOVE = YES;
				CLANG_WARN_UNGUARDED_AVAILABILITY = YES_AGGRESSIVE;
				CLANG_WARN_UNREACHABLE_CODE = YES;
				CLANG_WARN__DUPLICATE_METHOD_MATCH = YES;
				CODE_SIGN_IDENTITY = "iPhone Developer";
				COPY_PHASE_STRIP = NO;
				DEBUG_INFORMATION_FORMAT = dwarf;
				ENABLE_STRICT_OBJC_MSGSEND = YES;
				ENABLE_TESTABILITY = YES;
				GCC_C_LANGUAGE_STANDARD = gnu11;
				GCC_DYNAMIC_NO_PIC = NO;
				GCC_NO_COMMON_BLOCKS = YES;
				GCC_OPTIMIZATION_LEVEL = 0;
				GCC_PREPROCESSOR_DEFINITIONS = (
					"DEBUG=1",
					"$(inherited)",
				);
				GCC_WARN_64_TO_32_BIT_CONVERSION = YES;
				GCC_WARN_ABOUT_RETURN_TYPE = YES_ERROR;
				GCC_WARN_UNDECLARED_SELECTOR = YES;
				GCC_WARN_UNINITIALIZED_AUTOS = YES_AGGRESSIVE;
				GCC_WARN_UNUSED_FUNCTION = YES;
				GCC_WARN_UNUSED_VARIABLE = YES;
				IPHONEOS_DEPLOYMENT_TARGET = 12.4;
				MTL_ENABLE_DEBUG_INFO = INCLUDE_SOURCE;
				MTL_FAST_MATH = YES;
				ONLY_ACTIVE_ARCH = YES;
				SDKROOT = iphoneos;
			};
			name = Debug;
		};
		376A4D7822F95BDA00B4209C /* Release */ = {
			isa = XCBuildConfiguration;
			buildSettings = {
				ALWAYS_SEARCH_USER_PATHS = NO;
				CLANG_ANALYZER_NONNULL = YES;
				CLANG_ANALYZER_NUMBER_OBJECT_CONVERSION = YES_AGGRESSIVE;
				CLANG_CXX_LANGUAGE_STANDARD = "gnu++14";
				CLANG_CXX_LIBRARY = "libc++";
				CLANG_ENABLE_MODULES = YES;
				CLANG_ENABLE_OBJC_ARC = YES;
				CLANG_ENABLE_OBJC_WEAK = YES;
				CLANG_WARN_BLOCK_CAPTURE_AUTORELEASING = YES;
				CLANG_WARN_BOOL_CONVERSION = YES;
				CLANG_WARN_COMMA = YES;
				CLANG_WARN_CONSTANT_CONVERSION = YES;
				CLANG_WARN_DEPRECATED_OBJC_IMPLEMENTATIONS = YES;
				CLANG_WARN_DIRECT_OBJC_ISA_USAGE = YES_ERROR;
				CLANG_WARN_DOCUMENTATION_COMMENTS = YES;
				CLANG_WARN_EMPTY_BODY = YES;
				CLANG_WARN_ENUM_CONVERSION = YES;
				CLANG_WARN_INFINITE_RECURSION = YES;
				CLANG_WARN_INT_CONVERSION = YES;
				CLANG_WARN_NON_LITERAL_NULL_CONVERSION = YES;
				CLANG_WARN_OBJC_IMPLICIT_RETAIN_SELF = YES;
				CLANG_WARN_OBJC_LITERAL_CONVERSION = YES;
				CLANG_WARN_OBJC_ROOT_CLASS = YES_ERROR;
				CLANG_WARN_RANGE_LOOP_ANALYSIS = YES;
				CLANG_WARN_STRICT_PROTOTYPES = YES;
				CLANG_WARN_SUSPICIOUS_MOVE = YES;
				CLANG_WARN_UNGUARDED_AVAILABILITY = YES_AGGRESSIVE;
				CLANG_WARN_UNREACHABLE_CODE = YES;
				CLANG_WARN__DUPLICATE_METHOD_MATCH = YES;
				CODE_SIGN_IDENTITY = "iPhone Developer";
				COPY_PHASE_STRIP = NO;
				DEBUG_INFORMATION_FORMAT = "dwarf-with-dsym";
				ENABLE_NS_ASSERTIONS = NO;
				ENABLE_STRICT_OBJC_MSGSEND = YES;
				GCC_C_LANGUAGE_STANDARD = gnu11;
				GCC_NO_COMMON_BLOCKS = YES;
				GCC_WARN_64_TO_32_BIT_CONVERSION = YES;
				GCC_WARN_ABOUT_RETURN_TYPE = YES_ERROR;
				GCC_WARN_UNDECLARED_SELECTOR = YES;
				GCC_WARN_UNINITIALIZED_AUTOS = YES_AGGRESSIVE;
				GCC_WARN_UNUSED_FUNCTION = YES;
				GCC_WARN_UNUSED_VARIABLE = YES;
				IPHONEOS_DEPLOYMENT_TARGET = 12.4;
				MTL_ENABLE_DEBUG_INFO = NO;
				MTL_FAST_MATH = YES;
				SDKROOT = iphoneos;
				VALIDATE_PRODUCT = YES;
			};
			name = Release;
		};
		376A4D7A22F95BDA00B4209C /* Debug */ = {
			isa = XCBuildConfiguration;
			baseConfigurationReference = 6EED111D4F2F225E8BC02981 /* Pods-starter.debug.xcconfig */;
			buildSettings = {
				ASSETCATALOG_COMPILER_APPICON_NAME = AppIcon;
				CODE_SIGN_STYLE = Automatic;
				DEVELOPMENT_TEAM = B5ZS25Y896;
				GCC_PREFIX_HEADER = "$(SRCROOT)/$(PROJECT_NAME)/PrefixHeader.pch";
				INFOPLIST_FILE = starter/Info.plist;
				LD_RUNPATH_SEARCH_PATHS = (
					"$(inherited)",
					"@executable_path/Frameworks",
				);
				PRODUCT_BUNDLE_IDENTIFIER = com.fcg.starter;
				PRODUCT_NAME = "$(TARGET_NAME)";
				TARGETED_DEVICE_FAMILY = 1;
			};
			name = Debug;
		};
		376A4D7B22F95BDA00B4209C /* Release */ = {
			isa = XCBuildConfiguration;
			baseConfigurationReference = 305D7E17C4BB6A6FB924566D /* Pods-starter.release.xcconfig */;
			buildSettings = {
				ASSETCATALOG_COMPILER_APPICON_NAME = AppIcon;
				CODE_SIGN_STYLE = Automatic;
				DEVELOPMENT_TEAM = B5ZS25Y896;
				GCC_PREFIX_HEADER = "$(SRCROOT)/$(PROJECT_NAME)/PrefixHeader.pch";
				INFOPLIST_FILE = starter/Info.plist;
				LD_RUNPATH_SEARCH_PATHS = (
					"$(inherited)",
					"@executable_path/Frameworks",
				);
				PRODUCT_BUNDLE_IDENTIFIER = com.fcg.starter;
				PRODUCT_NAME = "$(TARGET_NAME)";
				TARGETED_DEVICE_FAMILY = 1;
			};
			name = Release;
		};
/* End XCBuildConfiguration section */

/* Begin XCConfigurationList section */
		376A4D5B22F95BD900B4209C /* Build configuration list for PBXProject "starter" */ = {
			isa = XCConfigurationList;
			buildConfigurations = (
				376A4D7722F95BDA00B4209C /* Debug */,
				376A4D7822F95BDA00B4209C /* Release */,
			);
			defaultConfigurationIsVisible = 0;
			defaultConfigurationName = Release;
		};
		376A4D7922F95BDA00B4209C /* Build configuration list for PBXNativeTarget "starter" */ = {
			isa = XCConfigurationList;
			buildConfigurations = (
				376A4D7A22F95BDA00B4209C /* Debug */,
				376A4D7B22F95BDA00B4209C /* Release */,
			);
			defaultConfigurationIsVisible = 0;
			defaultConfigurationName = Release;
		};
/* End XCConfigurationList section */
	};
	rootObject = 376A4D5822F95BD900B4209C /* Project object */;
}
